{
  "requires": true,
  "lockfileVersion": 1,
  "dependencies": {
    "core-js": {
      "version": "2.6.11",
      "resolved": "https://registry.npmjs.org/core-js/-/core-js-2.6.11.tgz",
      "integrity": "sha512-5wjnpaT/3dV+XB4borEsnAYQchn00XSgTAWKDkEqv+K8KevjbzmofK6hfJ9TZIlpj2N0xQpazy7PiRQiWHqzWg=="
    },
    "install": {
      "version": "0.13.0",
      "resolved": "https://registry.npmjs.org/install/-/install-0.13.0.tgz",
      "integrity": "sha512-zDml/jzr2PKU9I8J/xyZBQn8rPCAY//UOYNmR01XwNwyfhEWObo2SWfSl1+0tm1u6PhxLwDnfsT/6jB7OUxqFA=="
    },
    "linkifyjs": {
      "version": "2.1.9",
      "resolved": "https://registry.npmjs.org/linkifyjs/-/linkifyjs-2.1.9.tgz",
      "integrity": "sha512-74ivurkK6WHvHFozVaGtQWV38FzBwSTGNmJolEgFp7QgR2bl6ArUWlvT4GcHKbPe1z3nWYi+VUdDZk16zDOVug=="
    },
    "luxon": {
      "version": "1.25.0",
      "resolved": "https://registry.npmjs.org/luxon/-/luxon-1.25.0.tgz",
      "integrity": "sha512-hEgLurSH8kQRjY6i4YLey+mcKVAWXbDNlZRmM6AgWDJ1cY3atl8Ztf5wEY7VBReFbmGnwQPz7KYJblL8B2k0jQ=="
    },
    "vue": {
      "version": "2.6.12",
      "resolved": "https://registry.npmjs.org/vue/-/vue-2.6.12.tgz",
      "integrity": "sha512-uhmLFETqPPNyuLLbsKz6ioJ4q7AZHzD8ZVFNATNyICSZouqP2Sz0rotWQC8UNBF6VGSCs5abnKJoStA6JbCbfg=="
    },
    "vue-material-design-icons": {
      "version": "4.10.0",
      "resolved": "https://registry.npmjs.org/vue-material-design-icons/-/vue-material-design-icons-4.10.0.tgz",
      "integrity": "sha512-BakM+52NYsU9uW/rWvpHJvs+B7kaEaaH0CQGWmpz/PDTUduzVyajrE5/zc+vQltD5EJvtKQ4LCUgkoQOnrcyzg=="
    },
    "vue-quick-chat": {
      "version": "1.2.6",
      "resolved": "https://registry.npmjs.org/vue-quick-chat/-/vue-quick-chat-1.2.6.tgz",
      "integrity": "sha512-dpjFp+Mt52ZEtZm7s6i6q/J5scHtPXpIwPyRJRfsr5It4PQE8LJfavaok6WTcqdub+GO+bO1n2wCYGiGwk4CNw==",
      "requires": {
        "core-js": "^2.6.5",
        "linkifyjs": "^2.1.9",
        "luxon": "^1.21.3",
        "vue": "^2.6.10",
        "vue-material-design-icons": "^4.4.0",
        "vuex": "^3.0.1"
      }
    },
    "vuex": {
      "version": "3.5.1",
      "resolved": "https://registry.npmjs.org/vuex/-/vuex-3.5.1.tgz",
      "integrity": "sha512-w7oJzmHQs0FM9LXodfskhw9wgKBiaB+totOdb8sNzbTB2KDCEEwEs29NzBZFh/lmEK1t5tDmM1vtsO7ubG1DFw=="
    }
  }
}
